
Microsoft Visual Studio Solution File, Format Version 12.00
# Visual Studio 15
VisualStudioVersion = 15.0.27130.2027
MinimumVisualStudioVersion = 10.0.40219.1
Project("{8BC9CEB8-8B4A-11D0-8D11-00A0C91BC942}") = "GLUI", "glui.vcxproj", "{89588C49-F454-42A0-978D-092B41BE58D6}"
EndProject
Project("{8BC9CEB8-8B4A-11D0-8D11-00A0C91BC942}") = "example1", "example1.vcxproj", "{04C49949-721E-46DC-8032-8427B1C428D0}"
EndProject
Project("{8BC9CEB8-8B4A-11D0-8D11-00A0C91BC942}") = "example2", "example2.vcxproj", "{B29B71E3-3859-4CF9-91E7-5B49CB7FE38D}"
EndProject
Project("{8BC9CEB8-8B4A-11D0-8D11-00A0C91BC942}") = "example3", "example3.vcxproj", "{66282B35-9BAB-431F-BBBC-6A04FC19582C}"
EndProject
Project("{8BC9CEB8-8B4A-11D0-8D11-00A0C91BC942}") = "example4", "Example4.vcxproj", "{F4E657BF-33FA-45B7-A112-1E1E66567F01}"
EndProject
Project("{8BC9CEB8-8B4A-11D0-8D11-00A0C91BC942}") = "example5", "example5.vcxproj", "{3C910DF5-CF1B-4331-BF89-A28F79865B46}"
EndProject
Project("{8BC9CEB8-8B4A-11D0-8D11-00A0C91BC942}") = "example6", "example6.vcxproj", "{851FA622-0951-4D4F-AACE-AA0C90EFB677}"
EndProject
Project("{8BC9CEB8-8B4A-11D0-8D11-00A0C91BC942}") = "ppm2array", "ppm2array.vcxproj", "{FBAF5BDF-32D9-4850-BD27-474E7868720A}"
EndProject
Global
	GlobalSection(SolutionConfigurationPlatforms) = preSolution
		Debug|x86 = Debug|x86
		Release|x86 = Release|x86
		Template|x86 = Template|x86
	EndGlobalSection
	GlobalSection(ProjectConfigurationPlatforms) = postSolution
		{89588C49-F454-42A0-978D-092B41BE58D6}.Debug|x86.ActiveCfg = Debug|Win32
		{89588C49-F454-42A0-978D-092B41BE58D6}.Debug|x86.Build.0 = Debug|Win32
		{89588C49-F454-42A0-978D-092B41BE58D6}.Release|x86.ActiveCfg = Release|Win32
		{89588C49-F454-42A0-978D-092B41BE58D6}.Release|x86.Build.0 = Release|Win32
		{89588C49-F454-42A0-978D-092B41BE58D6}.Template|x86.ActiveCfg = Release|Win32
		{89588C49-F454-42A0-978D-092B41BE58D6}.Template|x86.Build.0 = Release|Win32
		{04C49949-721E-46DC-8032-8427B1C428D0}.Debug|x86.ActiveCfg = Debug|Win32
		{04C49949-721E-46DC-8032-8427B1C428D0}.Debug|x86.Build.0 = Debug|Win32
		{04C49949-721E-46DC-8032-8427B1C428D0}.Release|x86.ActiveCfg = Release|Win32
		{04C49949-721E-46DC-8032-8427B1C428D0}.Release|x86.Build.0 = Release|Win32
		{04C49949-721E-46DC-8032-8427B1C428D0}.Template|x86.ActiveCfg = Template|Win32
		{04C49949-721E-46DC-8032-8427B1C428D0}.Template|x86.Build.0 = Template|Win32
		{B29B71E3-3859-4CF9-91E7-5B49CB7FE38D}.Debug|x86.ActiveCfg = Debug|Win32
		{B29B71E3-3859-4CF9-91E7-5B49CB7FE38D}.Debug|x86.Build.0 = Debug|Win32
		{B29B71E3-3859-4CF9-91E7-5B49CB7FE38D}.Release|x86.ActiveCfg = Release|Win32
		{B29B71E3-3859-4CF9-91E7-5B49CB7FE38D}.Release|x86.Build.0 = Release|Win32
		{B29B71E3-3859-4CF9-91E7-5B49CB7FE38D}.Template|x86.ActiveCfg = Template|Win32
		{B29B71E3-3859-4CF9-91E7-5B49CB7FE38D}.Template|x86.Build.0 = Template|Win32
		{66282B35-9BAB-431F-BBBC-6A04FC19582C}.Debug|x86.ActiveCfg = Debug|Win32
		{66282B35-9BAB-431F-BBBC-6A04FC19582C}.Debug|x86.Build.0 = Debug|Win32
		{66282B35-9BAB-431F-BBBC-6A04FC19582C}.Release|x86.ActiveCfg = Release|Win32
		{66282B35-9BAB-431F-BBBC-6A04FC19582C}.Release|x86.Build.0 = Release|Win32
		{66282B35-9BAB-431F-BBBC-6A04FC19582C}.Template|x86.ActiveCfg = Template|Win32
		{66282B35-9BAB-431F-BBBC-6A04FC19582C}.Template|x86.Build.0 = Template|Win32
		{F4E657BF-33FA-45B7-A112-1E1E66567F01}.Debug|x86.ActiveCfg = Debug|Win32
		{F4E657BF-33FA-45B7-A112-1E1E66567F01}.Debug|x86.Build.0 = Debug|Win32
		{F4E657BF-33FA-45B7-A112-1E1E66567F01}.Release|x86.ActiveCfg = Release|Win32
		{F4E657BF-33FA-45B7-A112-1E1E66567F01}.Release|x86.Build.0 = Release|Win32
		{F4E657BF-33FA-45B7-A112-1E1E66567F01}.Template|x86.ActiveCfg = Template|Win32
		{F4E657BF-33FA-45B7-A112-1E1E66567F01}.Template|x86.Build.0 = Template|Win32
		{3C910DF5-CF1B-4331-BF89-A28F79865B46}.Debug|x86.ActiveCfg = Debug|Win32
		{3C910DF5-CF1B-4331-BF89-A28F79865B46}.Debug|x86.Build.0 = Debug|Win32
		{3C910DF5-CF1B-4331-BF89-A28F79865B46}.Release|x86.ActiveCfg = Release|Win32
		{3C910DF5-CF1B-4331-BF89-A28F79865B46}.Release|x86.Build.0 = Release|Win32
		{3C910DF5-CF1B-4331-BF89-A28F79865B46}.Template|x86.ActiveCfg = Template|Win32
		{3C910DF5-CF1B-4331-BF89-A28F79865B46}.Template|x86.Build.0 = Template|Win32
		{851FA622-0951-4D4F-AACE-AA0C90EFB677}.Debug|x86.ActiveCfg = Debug|Win32
		{851FA622-0951-4D4F-AACE-AA0C90EFB677}.Debug|x86.Build.0 = Debug|Win32
		{851FA622-0951-4D4F-AACE-AA0C90EFB677}.Release|x86.ActiveCfg = Release|Win32
		{851FA622-0951-4D4F-AACE-AA0C90EFB677}.Release|x86.Build.0 = Release|Win32
		{851FA622-0951-4D4F-AACE-AA0C90EFB677}.Template|x86.ActiveCfg = Template|Win32
		{851FA622-0951-4D4F-AACE-AA0C90EFB677}.Template|x86.Build.0 = Template|Win32
		{FBAF5BDF-32D9-4850-BD27-474E7868720A}.Debug|x86.ActiveCfg = Debug|Win32
		{FBAF5BDF-32D9-4850-BD27-474E7868720A}.Debug|x86.Build.0 = Debug|Win32
		{FBAF5BDF-32D9-4850-BD27-474E7868720A}.Release|x86.ActiveCfg = Release|Win32
		{FBAF5BDF-32D9-4850-BD27-474E7868720A}.Release|x86.Build.0 = Release|Win32
		{FBAF5BDF-32D9-4850-BD27-474E7868720A}.Template|x86.ActiveCfg = Template|Win32
		{FBAF5BDF-32D9-4850-BD27-474E7868720A}.Template|x86.Build.0 = Template|Win32
	EndGlobalSection
	GlobalSection(SolutionProperties) = preSolution
		HideSolutionNode = FALSE
	EndGlobalSection
	GlobalSection(ExtensibilityGlobals) = postSolution
		SolutionGuid = {D000789C-B247-4643-A73A-397AC1819458}
	EndGlobalSection
EndGlobal
